
Microsoft Visual Studio Solution File, Format Version 12.00
# Visual Studio Version 17
VisualStudioVersion = 17.7.34221.43
MinimumVisualStudioVersion = 10.0.40219.1
Project("{FAE04EC0-301F-11D3-BF4B-00C04F79EFBC}") = "L28_personnelAccounting", "L28_personnelAccounting.csproj", "{C91CA3C6-3914-4AF9-B827-1E9250D591BB}"
EndProject
Global
	GlobalSection(SolutionConfigurationPlatforms) = preSolution
		Debug|Any CPU = Debug|Any CPU
		Release|Any CPU = Release|Any CPU
	EndGlobalSection
	GlobalSection(ProjectConfigurationPlatforms) = postSolution
		{C91CA3C6-3914-4AF9-B827-1E9250D591BB}.Debug|Any CPU.ActiveCfg = Debug|Any CPU
		{C91CA3C6-3914-4AF9-B827-1E9250D591BB}.Debug|Any CPU.Build.0 = Debug|Any CPU
		{C91CA3C6-3914-4AF9-B827-1E9250D591BB}.Release|Any CPU.ActiveCfg = Release|Any CPU
		{C91CA3C6-3914-4AF9-B827-1E9250D591BB}.Release|Any CPU.Build.0 = Release|Any CPU
	EndGlobalSection
	GlobalSection(SolutionProperties) = preSolution
		HideSolutionNode = FALSE
	EndGlobalSection
	GlobalSection(ExtensibilityGlobals) = postSolution
		SolutionGuid = {2ED578AE-0B68-46C5-B137-386B31DEF418}
	EndGlobalSection
EndGlobal
